dependencies:
  espressif/esp_modem:
    component_hash: eaf036beecd76e9d1eed568f3f26036f076c4a5b02677cb742bcbecac0eec2bb
    source:
      service_url: https://api.components.espressif.com/
      type: service
    version: 1.0.4
  espressif/led_strip:
    component_hash: ed1d5c6113fa545e20c7be17e6e7c09d43b18fcb43068e2b2b27a412de6a405a
    source:
      service_url: https://api.components.espressif.com/
      type: service
    version: 2.5.2
  idf:
    component_hash: null
    source:
      type: idf
    version: 5.2.0
manifest_hash: fca7ab5cfa01572270d226e253a3b430bb973b28a9c0a4de0be5f92ee245a090
target: esp32
version: 1.0.0
