dependencies:
  espressif/esp_modem:
    component_hash: 95573f50c00d7c98233dea20459dd47792d9934e6eec1dfd85045c83cf81d802
    source:
      service_url: https://api.components.espressif.com/
      type: service
    version: 1.0.3
  espressif/led_strip:
    component_hash: c240f82567a37357bef313f76b0df93cb2da025835e525006096ea7e0fd61b4f
    source:
      service_url: https://api.components.espressif.com/
      type: service
    version: 2.4.3
  idf:
    component_hash: null
    source:
      type: idf
    version: 5.2.0
manifest_hash: 8b6ffdc24a14cf159e6f4cde70474c3c6fee1831869985c9a58d391a9c01e14b
target: esp32
version: 1.0.0
